// !$*UTF8*$!
{
	archiveVersion = 1;
	classes = {
	};
	objectVersion = 60;
	objects = {

/* Begin PBXBuildFile section */
		63012DE72C28CE8C00CCC2FC /* blackjack.otf in Resources */ = {isa = PBXBuildFile; fileRef = 63012DE62C28CE8C00CCC2FC /* blackjack.otf */; };
		632147D12C2A9D790083D559 /* startview.swift in Sources */ = {isa = PBXBuildFile; fileRef = 632147D02C2A9D790083D559 /* startview.swift */; };
		632147D32C2A9F010083D559 /* loading2.json in Resources */ = {isa = PBXBuildFile; fileRef = 632147D22C2A9F010083D559 /* loading2.json */; };
		6344FF092C2AB197005BEE3A /* RiveRuntime in Frameworks */ = {isa = PBXBuildFile; productRef = 6344FF082C2AB197005BEE3A /* RiveRuntime */; };
		6344FF0F2C2AB3C6005BEE3A /* loading.json in Resources */ = {isa = PBXBuildFile; fileRef = 6344FF0E2C2AB3C6005BEE3A /* loading.json */; };
		6354689A2C2AB6FF008AD62B /* black_sky_with_shooting_stars-2.riv in Resources */ = {isa = PBXBuildFile; fileRef = 635468992C2AB6FF008AD62B /* black_sky_with_shooting_stars-2.riv */; };
		6354689C2C2ABB55008AD62B /* traveling_salesman.riv in Resources */ = {isa = PBXBuildFile; fileRef = 6354689B2C2ABB55008AD62B /* traveling_salesman.riv */; };
		63A6925B2C2959ED00FF4A0D /* Lottie in Frameworks */ = {isa = PBXBuildFile; productRef = 63A6925A2C2959ED00FF4A0D /* Lottie */; };
		63A6925D2C295A7E00FF4A0D /* click.json in Resources */ = {isa = PBXBuildFile; fileRef = 63A6925C2C295A7E00FF4A0D /* click.json */; };
		63A692612C29638300FF4A0D /* LottieView.swift in Sources */ = {isa = PBXBuildFile; fileRef = 63A692602C29638300FF4A0D /* LottieView.swift */; };
		63E826EB2C2BFBD600EB26AA /* shape.riv in Resources */ = {isa = PBXBuildFile; fileRef = 63E826EA2C2BFBD600EB26AA /* shape.riv */; };
		63EE544F2C284F530040DC5A /* Wake_on_timeApp.swift in Sources */ = {isa = PBXBuildFile; fileRef = 63EE544E2C284F530040DC5A /* Wake_on_timeApp.swift */; };
		63EE54512C284F530040DC5A /* ContentView.swift in Sources */ = {isa = PBXBuildFile; fileRef = 63EE54502C284F530040DC5A /* ContentView.swift */; };
		63EE54532C284F550040DC5A /* Assets.xcassets in Resources */ = {isa = PBXBuildFile; fileRef = 63EE54522C284F550040DC5A /* Assets.xcassets */; };
		63EE54572C284F550040DC5A /* Preview Assets.xcassets in Resources */ = {isa = PBXBuildFile; fileRef = 63EE54562C284F550040DC5A /* Preview Assets.xcassets */; };
		63EE54612C284F560040DC5A /* Wake_on_timeTests.swift in Sources */ = {isa = PBXBuildFile; fileRef = 63EE54602C284F560040DC5A /* Wake_on_timeTests.swift */; };
		63EE546B2C284F560040DC5A /* Wake_on_timeUITests.swift in Sources */ = {isa = PBXBuildFile; fileRef = 63EE546A2C284F560040DC5A /* Wake_on_timeUITests.swift */; };
		63EE546D2C284F560040DC5A /* Wake_on_timeUITestsLaunchTests.swift in Sources */ = {isa = PBXBuildFile; fileRef = 63EE546C2C284F560040DC5A /* Wake_on_timeUITestsLaunchTests.swift */; };
/* End PBXBuildFile section */

/* Begin PBXContainerItemProxy section */
		63EE545D2C284F560040DC5A /* PBXContainerItemProxy */ = {
			isa = PBXContainerItemProxy;
			containerPortal = 63EE54432C284F530040DC5A /* Project object */;
			proxyType = 1;
			remoteGlobalIDString = 63EE544A2C284F530040DC5A;
			remoteInfo = "Wake on time";
		};
		63EE54672C284F560040DC5A /* PBXContainerItemProxy */ = {
			isa = PBXContainerItemProxy;
			containerPortal = 63EE54432C284F530040DC5A /* Project object */;
			proxyType = 1;
			remoteGlobalIDString = 63EE544A2C284F530040DC5A;
			remoteInfo = "Wake on time";
		};
/* End PBXContainerItemProxy section */

/* Begin PBXFileReference section */
		63012DE62C28CE8C00CCC2FC /* blackjack.otf */ = {isa = PBXFileReference; lastKnownFileType = file; path = blackjack.otf; sourceTree = "<group>"; };
		632147D02C2A9D790083D559 /* startview.swift */ = {isa = PBXFileReference; lastKnownFileType = sourcecode.swift; path = startview.swift; sourceTree = "<group>"; };
		632147D22C2A9F010083D559 /* loading2.json */ = {isa = PBXFileReference; lastKnownFileType = text.json; path = loading2.json; sourceTree = "<group>"; };
		6344FF0E2C2AB3C6005BEE3A /* loading.json */ = {isa = PBXFileReference; lastKnownFileType = text.json; path = loading.json; sourceTree = "<group>"; };
		635468992C2AB6FF008AD62B /* black_sky_with_shooting_stars-2.riv */ = {isa = PBXFileReference; lastKnownFileType = file; path = "black_sky_with_shooting_stars-2.riv"; sourceTree = "<group>"; };
		6354689B2C2ABB55008AD62B /* traveling_salesman.riv */ = {isa = PBXFileReference; lastKnownFileType = file; path = traveling_salesman.riv; sourceTree = "<group>"; };
		63A692522C2954F400FF4A0D /* Wake-on-time-Info.plist */ = {isa = PBXFileReference; lastKnownFileType = text.plist; path = "Wake-on-time-Info.plist"; sourceTree = SOURCE_ROOT; };
		63A6925C2C295A7E00FF4A0D /* click.json */ = {isa = PBXFileReference; lastKnownFileType = text.json; path = click.json; sourceTree = "<group>"; };
		63A692602C29638300FF4A0D /* LottieView.swift */ = {isa = PBXFileReference; lastKnownFileType = sourcecode.swift; path = LottieView.swift; sourceTree = "<group>"; };
		63E826EA2C2BFBD600EB26AA /* shape.riv */ = {isa = PBXFileReference; lastKnownFileType = file; path = shape.riv; sourceTree = "<group>"; };
		63EE544B2C284F530040DC5A /* Wake on time.app */ = {isa = PBXFileReference; explicitFileType = wrapper.application; includeInIndex = 0; path = "Wake on time.app"; sourceTree = BUILT_PRODUCTS_DIR; };
		63EE544E2C284F530040DC5A /* Wake_on_timeApp.swift */ = {isa = PBXFileReference; lastKnownFileType = sourcecode.swift; path = Wake_on_timeApp.swift; sourceTree = "<group>"; };
		63EE54502C284F530040DC5A /* ContentView.swift */ = {isa = PBXFileReference; lastKnownFileType = sourcecode.swift; path = ContentView.swift; sourceTree = "<group>"; };
		63EE54522C284F550040DC5A /* Assets.xcassets */ = {isa = PBXFileReference; lastKnownFileType = folder.assetcatalog; path = Assets.xcassets; sourceTree = "<group>"; };
		63EE54542C284F550040DC5A /* Wake_on_time.entitlements */ = {isa = PBXFileReference; lastKnownFileType = text.plist.entitlements; path = Wake_on_time.entitlements; sourceTree = "<group>"; };
		63EE54562C284F550040DC5A /* Preview Assets.xcassets */ = {isa = PBXFileReference; lastKnownFileType = folder.assetcatalog; path = "Preview Assets.xcassets"; sourceTree = "<group>"; };
		63EE545C2C284F560040DC5A /* Wake on timeTests.xctest */ = {isa = PBXFileReference; explicitFileType = wrapper.cfbundle; includeInIndex = 0; path = "Wake on timeTests.xctest"; sourceTree = BUILT_PRODUCTS_DIR; };
		63EE54602C284F560040DC5A /* Wake_on_timeTests.swift */ = {isa = PBXFileReference; lastKnownFileType = sourcecode.swift; path = Wake_on_timeTests.swift; sourceTree = "<group>"; };
		63EE54662C284F560040DC5A /* Wake on timeUITests.xctest */ = {isa = PBXFileReference; explicitFileType = wrapper.cfbundle; includeInIndex = 0; path = "Wake on timeUITests.xctest"; sourceTree = BUILT_PRODUCTS_DIR; };
		63EE546A2C284F560040DC5A /* Wake_on_timeUITests.swift */ = {isa = PBXFileReference; lastKnownFileType = sourcecode.swift; path = Wake_on_timeUITests.swift; sourceTree = "<group>"; };
		63EE546C2C284F560040DC5A /* Wake_on_timeUITestsLaunchTests.swift */ = {isa = PBXFileReference; lastKnownFileType = sourcecode.swift; path = Wake_on_timeUITestsLaunchTests.swift; sourceTree = "<group>"; };
/* End PBXFileReference section */

/* Begin PBXFrameworksBuildPhase section */
		63EE54482C284F530040DC5A /* Frameworks */ = {
			isa = PBXFrameworksBuildPhase;
			buildActionMask = 2147483647;
			files = (
				63A6925B2C2959ED00FF4A0D /* Lottie in Frameworks */,
				6344FF092C2AB197005BEE3A /* RiveRuntime in Frameworks */,
			);
			runOnlyForDeploymentPostprocessing = 0;
		};
		63EE54592C284F560040DC5A /* Frameworks */ = {
			isa = PBXFrameworksBuildPhase;
			buildActionMask = 2147483647;
			files = (
			);
			runOnlyForDeploymentPostprocessing = 0;
		};
		63EE54632C284F560040DC5A /* Frameworks */ = {
			isa = PBXFrameworksBuildPhase;
			buildActionMask = 2147483647;
			files = (
			);
			runOnlyForDeploymentPostprocessing = 0;
		};
/* End PBXFrameworksBuildPhase section */

/* Begin PBXGroup section */
		63012DE52C28CE5D00CCC2FC /* Fonts */ = {
			isa = PBXGroup;
			children = (
				63012DE62C28CE8C00CCC2FC /* blackjack.otf */,
			);
			path = Fonts;
			sourceTree = "<group>";
		};
		63012DE82C28D28900CCC2FC /* Start_View */ = {
			isa = PBXGroup;
			children = (
				632147D02C2A9D790083D559 /* startview.swift */,
			);
			path = Start_View;
			sourceTree = "<group>";
		};
		6344FF0A2C2AB1B7005BEE3A /* Rive */ = {
			isa = PBXGroup;
			children = (
				635468992C2AB6FF008AD62B /* black_sky_with_shooting_stars-2.riv */,
				6354689B2C2ABB55008AD62B /* traveling_salesman.riv */,
				63E826EA2C2BFBD600EB26AA /* shape.riv */,
			);
			path = Rive;
			sourceTree = "<group>";
		};
		63A692542C29595300FF4A0D /* Lottie */ = {
			isa = PBXGroup;
			children = (
				632147D22C2A9F010083D559 /* loading2.json */,
				63A692602C29638300FF4A0D /* LottieView.swift */,
				6344FF0E2C2AB3C6005BEE3A /* loading.json */,
			);
			path = Lottie;
			sourceTree = "<group>";
		};
		63A692592C2959ED00FF4A0D /* Frameworks */ = {
			isa = PBXGroup;
			children = (
			);
			name = Frameworks;
			sourceTree = "<group>";
		};
		63EE54422C284F530040DC5A = {
			isa = PBXGroup;
			children = (
				6344FF0A2C2AB1B7005BEE3A /* Rive */,
				63A692542C29595300FF4A0D /* Lottie */,
				63012DE52C28CE5D00CCC2FC /* Fonts */,
				63EE544D2C284F530040DC5A /* Wake on time */,
				63EE545F2C284F560040DC5A /* Wake on timeTests */,
				63EE54692C284F560040DC5A /* Wake on timeUITests */,
				63EE544C2C284F530040DC5A /* Products */,
				63A692592C2959ED00FF4A0D /* Frameworks */,
				63012DE82C28D28900CCC2FC /* Start_View */,
			);
			sourceTree = "<group>";
		};
		63EE544C2C284F530040DC5A /* Products */ = {
			isa = PBXGroup;
			children = (
				63EE544B2C284F530040DC5A /* Wake on time.app */,
				63EE545C2C284F560040DC5A /* Wake on timeTests.xctest */,
				63EE54662C284F560040DC5A /* Wake on timeUITests.xctest */,
			);
			name = Products;
			sourceTree = "<group>";
		};
		63EE544D2C284F530040DC5A /* Wake on time */ = {
			isa = PBXGroup;
			children = (
				63A692522C2954F400FF4A0D /* Wake-on-time-Info.plist */,
				63EE544E2C284F530040DC5A /* Wake_on_timeApp.swift */,
				63EE54502C284F530040DC5A /* ContentView.swift */,
				63EE54522C284F550040DC5A /* Assets.xcassets */,
				63A6925C2C295A7E00FF4A0D /* click.json */,
				63EE54542C284F550040DC5A /* Wake_on_time.entitlements */,
				63EE54552C284F550040DC5A /* Preview Content */,
			);
			path = "Wake on time";
			sourceTree = "<group>";
		};
		63EE54552C284F550040DC5A /* Preview Content */ = {
			isa = PBXGroup;
			children = (
				63EE54562C284F550040DC5A /* Preview Assets.xcassets */,
			);
			path = "Preview Content";
			sourceTree = "<group>";
		};
		63EE545F2C284F560040DC5A /* Wake on timeTests */ = {
			isa = PBXGroup;
			children = (
				63EE54602C284F560040DC5A /* Wake_on_timeTests.swift */,
			);
			path = "Wake on timeTests";
			sourceTree = "<group>";
		};
		63EE54692C284F560040DC5A /* Wake on timeUITests */ = {
			isa = PBXGroup;
			children = (
				63EE546A2C284F560040DC5A /* Wake_on_timeUITests.swift */,
				63EE546C2C284F560040DC5A /* Wake_on_timeUITestsLaunchTests.swift */,
			);
			path = "Wake on timeUITests";
			sourceTree = "<group>";
		};
/* End PBXGroup section */

/* Begin PBXNativeTarget section */
		63EE544A2C284F530040DC5A /* Wake on time */ = {
			isa = PBXNativeTarget;
			buildConfigurationList = 63EE54702C284F560040DC5A /* Build configuration list for PBXNativeTarget "Wake on time" */;
			buildPhases = (
				63EE54472C284F530040DC5A /* Sources */,
				63EE54482C284F530040DC5A /* Frameworks */,
				63EE54492C284F530040DC5A /* Resources */,
			);
			buildRules = (
			);
			dependencies = (
			);
			name = "Wake on time";
			packageProductDependencies = (
				63A6925A2C2959ED00FF4A0D /* Lottie */,
				6344FF082C2AB197005BEE3A /* RiveRuntime */,
			);
			productName = "Wake on time";
			productReference = 63EE544B2C284F530040DC5A /* Wake on time.app */;
			productType = "com.apple.product-type.application";
		};
		63EE545B2C284F560040DC5A /* Wake on timeTests */ = {
			isa = PBXNativeTarget;
			buildConfigurationList = 63EE54732C284F560040DC5A /* Build configuration list for PBXNativeTarget "Wake on timeTests" */;
			buildPhases = (
				63EE54582C284F560040DC5A /* Sources */,
				63EE54592C284F560040DC5A /* Frameworks */,
				63EE545A2C284F560040DC5A /* Resources */,
			);
			buildRules = (
			);
			dependencies = (
				63EE545E2C284F560040DC5A /* PBXTargetDependency */,
			);
			name = "Wake on timeTests";
			productName = "Wake on timeTests";
			productReference = 63EE545C2C284F560040DC5A /* Wake on timeTests.xctest */;
			productType = "com.apple.product-type.bundle.unit-test";
		};
		63EE54652C284F560040DC5A /* Wake on timeUITests */ = {
			isa = PBXNativeTarget;
			buildConfigurationList = 63EE54762C284F560040DC5A /* Build configuration list for PBXNativeTarget "Wake on timeUITests" */;
			buildPhases = (
				63EE54622C284F560040DC5A /* Sources */,
				63EE54632C284F560040DC5A /* Frameworks */,
				63EE54642C284F560040DC5A /* Resources */,
			);
			buildRules = (
			);
			dependencies = (
				63EE54682C284F560040DC5A /* PBXTargetDependency */,
			);
			name = "Wake on timeUITests";
			productName = "Wake on timeUITests";
			productReference = 63EE54662C284F560040DC5A /* Wake on timeUITests.xctest */;
			productType = "com.apple.product-type.bundle.ui-testing";
		};
/* End PBXNativeTarget section */

/* Begin PBXProject section */
		63EE54432C284F530040DC5A /* Project object */ = {
			isa = PBXProject;
			attributes = {
				BuildIndependentTargetsInParallel = 1;
				LastSwiftUpdateCheck = 1600;
				LastUpgradeCheck = 1600;
				TargetAttributes = {
					63EE544A2C284F530040DC5A = {
						CreatedOnToolsVersion = 16.0;
					};
					63EE545B2C284F560040DC5A = {
						CreatedOnToolsVersion = 16.0;
						TestTargetID = 63EE544A2C284F530040DC5A;
					};
					63EE54652C284F560040DC5A = {
						CreatedOnToolsVersion = 16.0;
						TestTargetID = 63EE544A2C284F530040DC5A;
					};
				};
			};
			buildConfigurationList = 63EE54462C284F530040DC5A /* Build configuration list for PBXProject "Wake on time" */;
			compatibilityVersion = "Xcode 15.0";
			developmentRegion = en;
			hasScannedForEncodings = 0;
			knownRegions = (
				en,
				Base,
			);
			mainGroup = 63EE54422C284F530040DC5A;
			packageReferences = (
				63A692532C2957AD00FF4A0D /* XCRemoteSwiftPackageReference "lottie-ios" */,
				6344FF072C2AB172005BEE3A /* XCRemoteSwiftPackageReference "rive-ios" */,
			);
			productRefGroup = 63EE544C2C284F530040DC5A /* Products */;
			projectDirPath = "";
			projectRoot = "";
			targets = (
				63EE544A2C284F530040DC5A /* Wake on time */,
				63EE545B2C284F560040DC5A /* Wake on timeTests */,
				63EE54652C284F560040DC5A /* Wake on timeUITests */,
			);
		};
/* End PBXProject section */

/* Begin PBXResourcesBuildPhase section */
		63EE54492C284F530040DC5A /* Resources */ = {
			isa = PBXResourcesBuildPhase;
			buildActionMask = 2147483647;
			files = (
				63E826EB2C2BFBD600EB26AA /* shape.riv in Resources */,
				63EE54572C284F550040DC5A /* Preview Assets.xcassets in Resources */,
				63EE54532C284F550040DC5A /* Assets.xcassets in Resources */,
				63012DE72C28CE8C00CCC2FC /* blackjack.otf in Resources */,
				6354689A2C2AB6FF008AD62B /* black_sky_with_shooting_stars-2.riv in Resources */,
				6354689C2C2ABB55008AD62B /* traveling_salesman.riv in Resources */,
				63A6925D2C295A7E00FF4A0D /* click.json in Resources */,
				6344FF0F2C2AB3C6005BEE3A /* loading.json in Resources */,
				632147D32C2A9F010083D559 /* loading2.json in Resources */,
			);
			runOnlyForDeploymentPostprocessing = 0;
		};
		63EE545A2C284F560040DC5A /* Resources */ = {
			isa = PBXResourcesBuildPhase;
			buildActionMask = 2147483647;
			files = (
			);
			runOnlyForDeploymentPostprocessing = 0;
		};
		63EE54642C284F560040DC5A /* Resources */ = {
			isa = PBXResourcesBuildPhase;
			buildActionMask = 2147483647;
			files = (
			);
			runOnlyForDeploymentPostprocessing = 0;
		};
/* End PBXResourcesBuildPhase section */

/* Begin PBXSourcesBuildPhase section */
		63EE54472C284F530040DC5A /* Sources */ = {
			isa = PBXSourcesBuildPhase;
			buildActionMask = 2147483647;
			files = (
				63EE54512C284F530040DC5A /* ContentView.swift in Sources */,
				63EE544F2C284F530040DC5A /* Wake_on_timeApp.swift in Sources */,
				63A692612C29638300FF4A0D /* LottieView.swift in Sources */,
				632147D12C2A9D790083D559 /* startview.swift in Sources */,
			);
			runOnlyForDeploymentPostprocessing = 0;
		};
		63EE54582C284F560040DC5A /* Sources */ = {
			isa = PBXSourcesBuildPhase;
			buildActionMask = 2147483647;
			files = (
				63EE54612C284F560040DC5A /* Wake_on_timeTests.swift in Sources */,
			);
			runOnlyForDeploymentPostprocessing = 0;
		};
		63EE54622C284F560040DC5A /* Sources */ = {
			isa = PBXSourcesBuildPhase;
			buildActionMask = 2147483647;
			files = (
				63EE546D2C284F560040DC5A /* Wake_on_timeUITestsLaunchTests.swift in Sources */,
				63EE546B2C284F560040DC5A /* Wake_on_timeUITests.swift in Sources */,
			);
			runOnlyForDeploymentPostprocessing = 0;
		};
/* End PBXSourcesBuildPhase section */

/* Begin PBXTargetDependency section */
		63EE545E2C284F560040DC5A /* PBXTargetDependency */ = {
			isa = PBXTargetDependency;
			target = 63EE544A2C284F530040DC5A /* Wake on time */;
			targetProxy = 63EE545D2C284F560040DC5A /* PBXContainerItemProxy */;
		};
		63EE54682C284F560040DC5A /* PBXTargetDependency */ = {
			isa = PBXTargetDependency;
			target = 63EE544A2C284F530040DC5A /* Wake on time */;
			targetProxy = 63EE54672C284F560040DC5A /* PBXContainerItemProxy */;
		};
/* End PBXTargetDependency section */

/* Begin XCBuildConfiguration section */
		63EE546E2C284F560040DC5A /* Debug */ = {
			isa = XCBuildConfiguration;
			buildSettings = {
				ALWAYS_SEARCH_USER_PATHS = NO;
				ASSETCATALOG_COMPILER_GENERATE_SWIFT_ASSET_SYMBOL_EXTENSIONS = YES;
				CLANG_ANALYZER_NONNULL = YES;
				CLANG_ANALYZER_NUMBER_OBJECT_CONVERSION = YES_AGGRESSIVE;
				CLANG_CXX_LANGUAGE_STANDARD = "gnu++20";
				CLANG_ENABLE_MODULES = YES;
				CLANG_ENABLE_OBJC_ARC = YES;
				CLANG_ENABLE_OBJC_WEAK = YES;
				CLANG_WARN_BLOCK_CAPTURE_AUTORELEASING = YES;
				CLANG_WARN_BOOL_CONVERSION = YES;
				CLANG_WARN_COMMA = YES;
				CLANG_WARN_CONSTANT_CONVERSION = YES;
				CLANG_WARN_DEPRECATED_OBJC_IMPLEMENTATIONS = YES;
				CLANG_WARN_DIRECT_OBJC_ISA_USAGE = YES_ERROR;
				CLANG_WARN_DOCUMENTATION_COMMENTS = YES;
				CLANG_WARN_EMPTY_BODY = YES;
				CLANG_WARN_ENUM_CONVERSION = YES;
				CLANG_WARN_INFINITE_RECURSION = YES;
				CLANG_WARN_INT_CONVERSION = YES;
				CLANG_WARN_NON_LITERAL_NULL_CONVERSION = YES;
				CLANG_WARN_OBJC_IMPLICIT_RETAIN_SELF = YES;
				CLANG_WARN_OBJC_LITERAL_CONVERSION = YES;
				CLANG_WARN_OBJC_ROOT_CLASS = YES_ERROR;
				CLANG_WARN_QUOTED_INCLUDE_IN_FRAMEWORK_HEADER = YES;
				CLANG_WARN_RANGE_LOOP_ANALYSIS = YES;
				CLANG_WARN_STRICT_PROTOTYPES = YES;
				CLANG_WARN_SUSPICIOUS_MOVE = YES;
				CLANG_WARN_UNGUARDED_AVAILABILITY = YES_AGGRESSIVE;
				CLANG_WARN_UNREACHABLE_CODE = YES;
				CLANG_WARN__DUPLICATE_METHOD_MATCH = YES;
				COPY_PHASE_STRIP = NO;
				DEBUG_INFORMATION_FORMAT = dwarf;
				ENABLE_STRICT_OBJC_MSGSEND = YES;
				ENABLE_TESTABILITY = YES;
				ENABLE_USER_SCRIPT_SANDBOXING = YES;
				GCC_C_LANGUAGE_STANDARD = gnu17;
				GCC_DYNAMIC_NO_PIC = NO;
				GCC_NO_COMMON_BLOCKS = YES;
				GCC_OPTIMIZATION_LEVEL = 0;
				GCC_PREPROCESSOR_DEFINITIONS = (
					"DEBUG=1",
					"$(inherited)",
				);
				GCC_WARN_64_TO_32_BIT_CONVERSION = YES;
				GCC_WARN_ABOUT_RETURN_TYPE = YES_ERROR;
				GCC_WARN_UNDECLARED_SELECTOR = YES;
				GCC_WARN_UNINITIALIZED_AUTOS = YES_AGGRESSIVE;
				GCC_WARN_UNUSED_FUNCTION = YES;
				GCC_WARN_UNUSED_VARIABLE = YES;
				LOCALIZATION_PREFERS_STRING_CATALOGS = YES;
				MTL_ENABLE_DEBUG_INFO = INCLUDE_SOURCE;
				MTL_FAST_MATH = YES;
				ONLY_ACTIVE_ARCH = YES;
				SWIFT_ACTIVE_COMPILATION_CONDITIONS = "DEBUG $(inherited)";
				SWIFT_OPTIMIZATION_LEVEL = "-Onone";
			};
			name = Debug;
		};
		63EE546F2C284F560040DC5A /* Release */ = {
			isa = XCBuildConfiguration;
			buildSettings = {
				ALWAYS_SEARCH_USER_PATHS = NO;
				ASSETCATALOG_COMPILER_GENERATE_SWIFT_ASSET_SYMBOL_EXTENSIONS = YES;
				CLANG_ANALYZER_NONNULL = YES;
				CLANG_ANALYZER_NUMBER_OBJECT_CONVERSION = YES_AGGRESSIVE;
				CLANG_CXX_LANGUAGE_STANDARD = "gnu++20";
				CLANG_ENABLE_MODULES = YES;
				CLANG_ENABLE_OBJC_ARC = YES;
				CLANG_ENABLE_OBJC_WEAK = YES;
				CLANG_WARN_BLOCK_CAPTURE_AUTORELEASING = YES;
				CLANG_WARN_BOOL_CONVERSION = YES;
				CLANG_WARN_COMMA = YES;
				CLANG_WARN_CONSTANT_CONVERSION = YES;
				CLANG_WARN_DEPRECATED_OBJC_IMPLEMENTATIONS = YES;
				CLANG_WARN_DIRECT_OBJC_ISA_USAGE = YES_ERROR;
				CLANG_WARN_DOCUMENTATION_COMMENTS = YES;
				CLANG_WARN_EMPTY_BODY = YES;
				CLANG_WARN_ENUM_CONVERSION = YES;
				CLANG_WARN_INFINITE_RECURSION = YES;
				CLANG_WARN_INT_CONVERSION = YES;
				CLANG_WARN_NON_LITERAL_NULL_CONVERSION = YES;
				CLANG_WARN_OBJC_IMPLICIT_RETAIN_SELF = YES;
				CLANG_WARN_OBJC_LITERAL_CONVERSION = YES;
				CLANG_WARN_OBJC_ROOT_CLASS = YES_ERROR;
				CLANG_WARN_QUOTED_INCLUDE_IN_FRAMEWORK_HEADER = YES;
				CLANG_WARN_RANGE_LOOP_ANALYSIS = YES;
				CLANG_WARN_STRICT_PROTOTYPES = YES;
				CLANG_WARN_SUSPICIOUS_MOVE = YES;
				CLANG_WARN_UNGUARDED_AVAILABILITY = YES_AGGRESSIVE;
				CLANG_WARN_UNREACHABLE_CODE = YES;
				CLANG_WARN__DUPLICATE_METHOD_MATCH = YES;
				COPY_PHASE_STRIP = NO;
				DEBUG_INFORMATION_FORMAT = "dwarf-with-dsym";
				ENABLE_NS_ASSERTIONS = NO;
				ENABLE_STRICT_OBJC_MSGSEND = YES;
				ENABLE_USER_SCRIPT_SANDBOXING = YES;
				GCC_C_LANGUAGE_STANDARD = gnu17;
				GCC_NO_COMMON_BLOCKS = YES;
				GCC_WARN_64_TO_32_BIT_CONVERSION = YES;
				GCC_WARN_ABOUT_RETURN_TYPE = YES_ERROR;
				GCC_WARN_UNDECLARED_SELECTOR = YES;
				GCC_WARN_UNINITIALIZED_AUTOS = YES_AGGRESSIVE;
				GCC_WARN_UNUSED_FUNCTION = YES;
				GCC_WARN_UNUSED_VARIABLE = YES;
				LOCALIZATION_PREFERS_STRING_CATALOGS = YES;
				MTL_ENABLE_DEBUG_INFO = NO;
				MTL_FAST_MATH = YES;
				SWIFT_COMPILATION_MODE = wholemodule;
			};
			name = Release;
		};
		63EE54712C284F560040DC5A /* Debug */ = {
			isa = XCBuildConfiguration;
			buildSettings = {
				ASSETCATALOG_COMPILER_APPICON_NAME = AppIcon;
				ASSETCATALOG_COMPILER_GLOBAL_ACCENT_COLOR_NAME = AccentColor;
				CODE_SIGN_ENTITLEMENTS = "Wake on time/Wake_on_time.entitlements";
				CODE_SIGN_STYLE = Automatic;
				CURRENT_PROJECT_VERSION = 1;
				DEVELOPMENT_ASSET_PATHS = "\"Wake on time/Preview Content\"";
				DEVELOPMENT_TEAM = YVMQJJY3N2;
				ENABLE_HARDENED_RUNTIME = YES;
				ENABLE_PREVIEWS = YES;
				GENERATE_INFOPLIST_FILE = YES;
				INFOPLIST_FILE = "Wake-on-time-Info.plist";
				"INFOPLIST_KEY_UIApplicationSceneManifest_Generation[sdk=iphoneos*]" = YES;
				"INFOPLIST_KEY_UIApplicationSceneManifest_Generation[sdk=iphonesimulator*]" = YES;
				"INFOPLIST_KEY_UIApplicationSupportsIndirectInputEvents[sdk=iphoneos*]" = YES;
				"INFOPLIST_KEY_UIApplicationSupportsIndirectInputEvents[sdk=iphonesimulator*]" = YES;
				"INFOPLIST_KEY_UILaunchScreen_Generation[sdk=iphoneos*]" = YES;
				"INFOPLIST_KEY_UILaunchScreen_Generation[sdk=iphonesimulator*]" = YES;
				"INFOPLIST_KEY_UIStatusBarStyle[sdk=iphoneos*]" = UIStatusBarStyleDefault;
				"INFOPLIST_KEY_UIStatusBarStyle[sdk=iphonesimulator*]" = UIStatusBarStyleDefault;
				INFOPLIST_KEY_UISupportedInterfaceOrientations_iPad = "UIInterfaceOrientationPortrait UIInterfaceOrientationPortraitUpsideDown UIInterfaceOrientationLandscapeLeft UIInterfaceOrientationLandscapeRight";
				INFOPLIST_KEY_UISupportedInterfaceOrientations_iPhone = "UIInterfaceOrientationPortrait UIInterfaceOrientationLandscapeLeft UIInterfaceOrientationLandscapeRight";
				INFOPLIST_KEY_WKRunsIndependentlyOfCompanionApp = NO;
				IPHONEOS_DEPLOYMENT_TARGET = 18.0;
				LD_RUNPATH_SEARCH_PATHS = "@executable_path/Frameworks";
				"LD_RUNPATH_SEARCH_PATHS[sdk=macosx*]" = "@executable_path/../Frameworks";
				MACOSX_DEPLOYMENT_TARGET = 15.0;
				MARKETING_VERSION = 1.0;
				PRODUCT_BUNDLE_IDENTIFIER = "Wake-on-time.Wake-on-time";
				PRODUCT_NAME = "$(TARGET_NAME)";
				SDKROOT = auto;
				SUPPORTED_PLATFORMS = "iphoneos iphonesimulator macosx xros xrsimulator";
				SWIFT_EMIT_LOC_STRINGS = YES;
				SWIFT_VERSION = 5.0;
				TARGETED_DEVICE_FAMILY = "1,2,7";
				XROS_DEPLOYMENT_TARGET = 2.0;
			};
			name = Debug;
		};
		63EE54722C284F560040DC5A /* Release */ = {
			isa = XCBuildConfiguration;
			buildSettings = {
				ASSETCATALOG_COMPILER_APPICON_NAME = AppIcon;
				ASSETCATALOG_COMPILER_GLOBAL_ACCENT_COLOR_NAME = AccentColor;
				CODE_SIGN_ENTITLEMENTS = "Wake on time/Wake_on_time.entitlements";
				CODE_SIGN_STYLE = Automatic;
				CURRENT_PROJECT_VERSION = 1;
				DEVELOPMENT_ASSET_PATHS = "\"Wake on time/Preview Content\"";
				DEVELOPMENT_TEAM = YVMQJJY3N2;
				ENABLE_HARDENED_RUNTIME = YES;
				ENABLE_PREVIEWS = YES;
				GENERATE_INFOPLIST_FILE = YES;
				INFOPLIST_FILE = "Wake-on-time-Info.plist";
				"INFOPLIST_KEY_UIApplicationSceneManifest_Generation[sdk=iphoneos*]" = YES;
				"INFOPLIST_KEY_UIApplicationSceneManifest_Generation[sdk=iphonesimulator*]" = YES;
				"INFOPLIST_KEY_UIApplicationSupportsIndirectInputEvents[sdk=iphoneos*]" = YES;
				"INFOPLIST_KEY_UIApplicationSupportsIndirectInputEvents[sdk=iphonesimulator*]" = YES;
				"INFOPLIST_KEY_UILaunchScreen_Generation[sdk=iphoneos*]" = YES;
				"INFOPLIST_KEY_UILaunchScreen_Generation[sdk=iphonesimulator*]" = YES;
				"INFOPLIST_KEY_UIStatusBarStyle[sdk=iphoneos*]" = UIStatusBarStyleDefault;
				"INFOPLIST_KEY_UIStatusBarStyle[sdk=iphonesimulator*]" = UIStatusBarStyleDefault;
				INFOPLIST_KEY_UISupportedInterfaceOrientations_iPad = "UIInterfaceOrientationPortrait UIInterfaceOrientationPortraitUpsideDown UIInterfaceOrientationLandscapeLeft UIInterfaceOrientationLandscapeRight";
				INFOPLIST_KEY_UISupportedInterfaceOrientations_iPhone = "UIInterfaceOrientationPortrait UIInterfaceOrientationLandscapeLeft UIInterfaceOrientationLandscapeRight";
				INFOPLIST_KEY_WKRunsIndependentlyOfCompanionApp = NO;
				IPHONEOS_DEPLOYMENT_TARGET = 18.0;
				LD_RUNPATH_SEARCH_PATHS = "@executable_path/Frameworks";
				"LD_RUNPATH_SEARCH_PATHS[sdk=macosx*]" = "@executable_path/../Frameworks";
				MACOSX_DEPLOYMENT_TARGET = 15.0;
				MARKETING_VERSION = 1.0;
				PRODUCT_BUNDLE_IDENTIFIER = "Wake-on-time.Wake-on-time";
				PRODUCT_NAME = "$(TARGET_NAME)";
				SDKROOT = auto;
				SUPPORTED_PLATFORMS = "iphoneos iphonesimulator macosx xros xrsimulator";
				SWIFT_EMIT_LOC_STRINGS = YES;
				SWIFT_VERSION = 5.0;
				TARGETED_DEVICE_FAMILY = "1,2,7";
				XROS_DEPLOYMENT_TARGET = 2.0;
			};
			name = Release;
		};
		63EE54742C284F560040DC5A /* Debug */ = {
			isa = XCBuildConfiguration;
			buildSettings = {
				BUNDLE_LOADER = "$(TEST_HOST)";
				CODE_SIGN_STYLE = Automatic;
				CURRENT_PROJECT_VERSION = 1;
				DEVELOPMENT_TEAM = YVMQJJY3N2;
				GENERATE_INFOPLIST_FILE = YES;
				IPHONEOS_DEPLOYMENT_TARGET = 18.0;
				MACOSX_DEPLOYMENT_TARGET = 15.0;
				MARKETING_VERSION = 1.0;
				PRODUCT_BUNDLE_IDENTIFIER = "Wake-on-time.Wake-on-timeTests";
				PRODUCT_NAME = "$(TARGET_NAME)";
				SDKROOT = auto;
				SUPPORTED_PLATFORMS = "iphoneos iphonesimulator macosx xros xrsimulator";
				SWIFT_EMIT_LOC_STRINGS = NO;
				SWIFT_VERSION = 5.0;
				TARGETED_DEVICE_FAMILY = "1,2,7";
				TEST_HOST = "$(BUILT_PRODUCTS_DIR)/Wake on time.app/$(BUNDLE_EXECUTABLE_FOLDER_PATH)/Wake on time";
				XROS_DEPLOYMENT_TARGET = 2.0;
			};
			name = Debug;
		};
		63EE54752C284F560040DC5A /* Release */ = {
			isa = XCBuildConfiguration;
			buildSettings = {
				BUNDLE_LOADER = "$(TEST_HOST)";
				CODE_SIGN_STYLE = Automatic;
				CURRENT_PROJECT_VERSION = 1;
				DEVELOPMENT_TEAM = YVMQJJY3N2;
				GENERATE_INFOPLIST_FILE = YES;
				IPHONEOS_DEPLOYMENT_TARGET = 18.0;
				MACOSX_DEPLOYMENT_TARGET = 15.0;
				MARKETING_VERSION = 1.0;
				PRODUCT_BUNDLE_IDENTIFIER = "Wake-on-time.Wake-on-timeTests";
				PRODUCT_NAME = "$(TARGET_NAME)";
				SDKROOT = auto;
				SUPPORTED_PLATFORMS = "iphoneos iphonesimulator macosx xros xrsimulator";
				SWIFT_EMIT_LOC_STRINGS = NO;
				SWIFT_VERSION = 5.0;
				TARGETED_DEVICE_FAMILY = "1,2,7";
				TEST_HOST = "$(BUILT_PRODUCTS_DIR)/Wake on time.app/$(BUNDLE_EXECUTABLE_FOLDER_PATH)/Wake on time";
				XROS_DEPLOYMENT_TARGET = 2.0;
			};
			name = Release;
		};
		63EE54772C284F560040DC5A /* Debug */ = {
			isa = XCBuildConfiguration;
			buildSettings = {
				CODE_SIGN_STYLE = Automatic;
				CURRENT_PROJECT_VERSION = 1;
				DEVELOPMENT_TEAM = YVMQJJY3N2;
				GENERATE_INFOPLIST_FILE = YES;
				IPHONEOS_DEPLOYMENT_TARGET = 18.0;
				MACOSX_DEPLOYMENT_TARGET = 15.0;
				MARKETING_VERSION = 1.0;
				PRODUCT_BUNDLE_IDENTIFIER = "Wake-on-time.Wake-on-timeUITests";
				PRODUCT_NAME = "$(TARGET_NAME)";
				SDKROOT = auto;
				SUPPORTED_PLATFORMS = "iphoneos iphonesimulator macosx xros xrsimulator";
				SWIFT_EMIT_LOC_STRINGS = NO;
				SWIFT_VERSION = 5.0;
				TARGETED_DEVICE_FAMILY = "1,2,7";
				TEST_TARGET_NAME = "Wake on time";
				XROS_DEPLOYMENT_TARGET = 2.0;
			};
			name = Debug;
		};
		63EE54782C284F560040DC5A /* Release */ = {
			isa = XCBuildConfiguration;
			buildSettings = {
				CODE_SIGN_STYLE = Automatic;
				CURRENT_PROJECT_VERSION = 1;
				DEVELOPMENT_TEAM = YVMQJJY3N2;
				GENERATE_INFOPLIST_FILE = YES;
				IPHONEOS_DEPLOYMENT_TARGET = 18.0;
				MACOSX_DEPLOYMENT_TARGET = 15.0;
				MARKETING_VERSION = 1.0;
				PRODUCT_BUNDLE_IDENTIFIER = "Wake-on-time.Wake-on-timeUITests";
				PRODUCT_NAME = "$(TARGET_NAME)";
				SDKROOT = auto;
				SUPPORTED_PLATFORMS = "iphoneos iphonesimulator macosx xros xrsimulator";
				SWIFT_EMIT_LOC_STRINGS = NO;
				SWIFT_VERSION = 5.0;
				TARGETED_DEVICE_FAMILY = "1,2,7";
				TEST_TARGET_NAME = "Wake on time";
				XROS_DEPLOYMENT_TARGET = 2.0;
			};
			name = Release;
		};
/* End XCBuildConfiguration section */

/* Begin XCConfigurationList section */
		63EE54462C284F530040DC5A /* Build configuration list for PBXProject "Wake on time" */ = {
			isa = XCConfigurationList;
			buildConfigurations = (
				63EE546E2C284F560040DC5A /* Debug */,
				63EE546F2C284F560040DC5A /* Release */,
			);
			defaultConfigurationIsVisible = 0;
			defaultConfigurationName = Release;
		};
		63EE54702C284F560040DC5A /* Build configuration list for PBXNativeTarget "Wake on time" */ = {
			isa = XCConfigurationList;
			buildConfigurations = (
				63EE54712C284F560040DC5A /* Debug */,
				63EE54722C284F560040DC5A /* Release */,
			);
			defaultConfigurationIsVisible = 0;
			defaultConfigurationName = Release;
		};
		63EE54732C284F560040DC5A /* Build configuration list for PBXNativeTarget "Wake on timeTests" */ = {
			isa = XCConfigurationList;
			buildConfigurations = (
				63EE54742C284F560040DC5A /* Debug */,
				63EE54752C284F560040DC5A /* Release */,
			);
			defaultConfigurationIsVisible = 0;
			defaultConfigurationName = Release;
		};
		63EE54762C284F560040DC5A /* Build configuration list for PBXNativeTarget "Wake on timeUITests" */ = {
			isa = XCConfigurationList;
			buildConfigurations = (
				63EE54772C284F560040DC5A /* Debug */,
				63EE54782C284F560040DC5A /* Release */,
			);
			defaultConfigurationIsVisible = 0;
			defaultConfigurationName = Release;
		};
/* End XCConfigurationList section */

/* Begin XCRemoteSwiftPackageReference section */
		6344FF072C2AB172005BEE3A /* XCRemoteSwiftPackageReference "rive-ios" */ = {
			isa = XCRemoteSwiftPackageReference;
			repositoryURL = "https://github.com/rive-app/rive-ios.git";
			requirement = {
				kind = upToNextMajorVersion;
				minimumVersion = 5.14.1;
			};
		};
		63A692532C2957AD00FF4A0D /* XCRemoteSwiftPackageReference "lottie-ios" */ = {
			isa = XCRemoteSwiftPackageReference;
			repositoryURL = "https://github.com/airbnb/lottie-ios.git";
			requirement = {
				kind = upToNextMajorVersion;
				minimumVersion = 4.4.3;
			};
		};
/* End XCRemoteSwiftPackageReference section */

/* Begin XCSwiftPackageProductDependency section */
		6344FF082C2AB197005BEE3A /* RiveRuntime */ = {
			isa = XCSwiftPackageProductDependency;
			package = 6344FF072C2AB172005BEE3A /* XCRemoteSwiftPackageReference "rive-ios" */;
			productName = RiveRuntime;
		};
		63A6925A2C2959ED00FF4A0D /* Lottie */ = {
			isa = XCSwiftPackageProductDependency;
			package = 63A692532C2957AD00FF4A0D /* XCRemoteSwiftPackageReference "lottie-ios" */;
			productName = Lottie;
		};
/* End XCSwiftPackageProductDependency section */
	};
	rootObject = 63EE54432C284F530040DC5A /* Project object */;
}
